
Microsoft Visual Studio Solution File, Format Version 12.00
# Visual Studio Version 17
VisualStudioVersion = 17.10.35027.167
MinimumVisualStudioVersion = 10.0.40219.1
Project("{FAE04EC0-301F-11D3-BF4B-00C04F79EFBC}") = "assignment-1", "assignment-1\assignment-1.csproj", "{3BC3A7CC-3EFB-48B7-A665-09CF9A8C615C}"
EndProject
Global
	GlobalSection(SolutionConfigurationPlatforms) = preSolution
		Debug|Any CPU = Debug|Any CPU
		Release|Any CPU = Release|Any CPU
	EndGlobalSection
	GlobalSection(ProjectConfigurationPlatforms) = postSolution
		{3BC3A7CC-3EFB-48B7-A665-09CF9A8C615C}.Debug|Any CPU.ActiveCfg = Debug|Any CPU
		{3BC3A7CC-3EFB-48B7-A665-09CF9A8C615C}.Debug|Any CPU.Build.0 = Debug|Any CPU
		{3BC3A7CC-3EFB-48B7-A665-09CF9A8C615C}.Release|Any CPU.ActiveCfg = Release|Any CPU
		{3BC3A7CC-3EFB-48B7-A665-09CF9A8C615C}.Release|Any CPU.Build.0 = Release|Any CPU
	EndGlobalSection
	GlobalSection(SolutionProperties) = preSolution
		HideSolutionNode = FALSE
	EndGlobalSection
	GlobalSection(ExtensibilityGlobals) = postSolution
		SolutionGuid = {EF3643A4-E035-4E46-A09A-1E51005C0437}
	EndGlobalSection
EndGlobal
